{
	"name": "@dci-lint/core",
	"version": "0.2.0",
	"lockfileVersion": 1,
	"requires": true,
	"dependencies": {
		"@kwsites/file-exists": {
			"version": "1.1.1",
			"resolved": "https://registry.npmjs.org/@kwsites/file-exists/-/file-exists-1.1.1.tgz",
			"integrity": "sha512-m9/5YGR18lIwxSFDwfE3oA7bWuq9kdau6ugN4H2rJeyhFQZcG9AgSHkQtSD15a8WvTgfz9aikZMrKPHvbpqFiw==",
			"requires": {
				"debug": "^4.1.1"
			}
		},
		"@kwsites/promise-deferred": {
			"version": "1.1.1",
			"resolved": "https://registry.npmjs.org/@kwsites/promise-deferred/-/promise-deferred-1.1.1.tgz",
			"integrity": "sha512-GaHYm+c0O9MjZRu0ongGBRbinu8gVAMd2UZjji6jVmqKtZluZnptXGWhz1E8j8D2HJ3f/yMxKAUC0b+57wncIw=="
		},
		"@nodelib/fs.scandir": {
			"version": "2.1.3",
			"resolved": "https://registry.npmjs.org/@nodelib/fs.scandir/-/fs.scandir-2.1.3.tgz",
			"integrity": "sha512-eGmwYQn3gxo4r7jdQnkrrN6bY478C3P+a/y72IJukF8LjB6ZHeB3c+Ehacj3sYeSmUXGlnA67/PmbM9CVwL7Dw==",
			"requires": {
				"@nodelib/fs.stat": "2.0.3",
				"run-parallel": "^1.1.9"
			}
		},
		"@nodelib/fs.stat": {
			"version": "2.0.3",
			"resolved": "https://registry.npmjs.org/@nodelib/fs.stat/-/fs.stat-2.0.3.tgz",
			"integrity": "sha512-bQBFruR2TAwoevBEd/NWMoAAtNGzTRgdrqnYCc7dhzfoNvqPzLyqlEQnzZ3kVnNrSp25iyxE00/3h2fqGAGArA=="
		},
		"@nodelib/fs.walk": {
			"version": "1.2.4",
			"resolved": "https://registry.npmjs.org/@nodelib/fs.walk/-/fs.walk-1.2.4.tgz",
			"integrity": "sha512-1V9XOY4rDW0rehzbrcqAmHnz8e7SKvX27gh8Gt2WgB0+pdzdiLV83p72kZPU+jvMbS1qU5mauP2iOvO8rhmurQ==",
			"requires": {
				"@nodelib/fs.scandir": "2.1.3",
				"fastq": "^1.6.0"
			}
		},
		"@types/body-parser": {
			"version": "1.19.0",
			"resolved": "https://registry.npmjs.org/@types/body-parser/-/body-parser-1.19.0.tgz",
			"integrity": "sha512-W98JrE0j2K78swW4ukqMleo8R7h/pFETjM2DQ90MF6XK2i4LO4W3gQ71Lt4w3bfm2EvVSyWHplECvB5sK22yFQ==",
			"dev": true,
			"requires": {
				"@types/connect": "*",
				"@types/node": "*"
			}
		},
		"@types/connect": {
			"version": "3.4.34",
			"resolved": "https://registry.npmjs.org/@types/connect/-/connect-3.4.34.tgz",
			"integrity": "sha512-ePPA/JuI+X0vb+gSWlPKOY0NdNAie/rPUqX2GUPpbZwiKTkSPhjXWuee47E4MtE54QVzGCQMQkAL6JhV2E1+cQ==",
			"dev": true,
			"requires": {
				"@types/node": "*"
			}
		},
		"@types/express": {
			"version": "4.17.8",
			"resolved": "https://registry.npmjs.org/@types/express/-/express-4.17.8.tgz",
			"integrity": "sha512-wLhcKh3PMlyA2cNAB9sjM1BntnhPMiM0JOBwPBqttjHev2428MLEB4AYVN+d8s2iyCVZac+o41Pflm/ZH5vLXQ==",
			"dev": true,
			"requires": {
				"@types/body-parser": "*",
				"@types/express-serve-static-core": "*",
				"@types/qs": "*",
				"@types/serve-static": "*"
			}
		},
		"@types/express-serve-static-core": {
			"version": "4.17.16",
			"resolved": "https://registry.npmjs.org/@types/express-serve-static-core/-/express-serve-static-core-4.17.16.tgz",
			"integrity": "sha512-hGGiDMatRhcRF2F0EsxSX93iKQJom6No2RwwCm/dvVtNt6FMuq+A/Y4qUZZGqIjqe0LE/jN0wzW86yDFSJwn7A==",
			"dev": true,
			"requires": {
				"@types/node": "*",
				"@types/qs": "*",
				"@types/range-parser": "*"
			}
		},
		"@types/fs-extra": {
			"version": "9.0.5",
			"resolved": "https://registry.npmjs.org/@types/fs-extra/-/fs-extra-9.0.5.tgz",
			"integrity": "sha512-wr3t7wIW1c0A2BIJtdVp4EflriVaVVAsCAIHVzzh8B+GiFv9X1xeJjCs4upRXtzp7kQ6lP5xvskjoD4awJ1ZeA==",
			"dev": true,
			"requires": {
				"@types/node": "*"
			}
		},
		"@types/mime": {
			"version": "2.0.3",
			"resolved": "https://registry.npmjs.org/@types/mime/-/mime-2.0.3.tgz",
			"integrity": "sha512-Jus9s4CDbqwocc5pOAnh8ShfrnMcPHuJYzVcSUU7lrh8Ni5HuIqX3oilL86p3dlTrk0LzHRCgA/GQ7uNCw6l2Q==",
			"dev": true
		},
		"@types/node": {
			"version": "14.14.13",
			"resolved": "https://registry.npmjs.org/@types/node/-/node-14.14.13.tgz",
			"integrity": "sha512-vbxr0VZ8exFMMAjCW8rJwaya0dMCDyYW2ZRdTyjtrCvJoENMpdUHOT/eTzvgyA5ZnqRZ/sI0NwqAxNHKYokLJQ==",
			"dev": true
		},
		"@types/qs": {
			"version": "6.9.5",
			"resolved": "https://registry.npmjs.org/@types/qs/-/qs-6.9.5.tgz",
			"integrity": "sha512-/JHkVHtx/REVG0VVToGRGH2+23hsYLHdyG+GrvoUGlGAd0ErauXDyvHtRI/7H7mzLm+tBCKA7pfcpkQ1lf58iQ==",
			"dev": true
		},
		"@types/range-parser": {
			"version": "1.2.3",
			"resolved": "https://registry.npmjs.org/@types/range-parser/-/range-parser-1.2.3.tgz",
			"integrity": "sha512-ewFXqrQHlFsgc09MK5jP5iR7vumV/BYayNC6PgJO2LPe8vrnNFyjQjSppfEngITi0qvfKtzFvgKymGheFM9UOA==",
			"dev": true
		},
		"@types/serve-static": {
			"version": "1.13.8",
			"resolved": "https://registry.npmjs.org/@types/serve-static/-/serve-static-1.13.8.tgz",
			"integrity": "sha512-MoJhSQreaVoL+/hurAZzIm8wafFR6ajiTM1m4A0kv6AGeVBl4r4pOV8bGFrjjq1sGxDTnCoF8i22o0/aE5XCyA==",
			"dev": true,
			"requires": {
				"@types/mime": "*",
				"@types/node": "*"
			}
		},
		"@types/temp": {
			"version": "0.8.34",
			"resolved": "https://registry.npmjs.org/@types/temp/-/temp-0.8.34.tgz",
			"integrity": "sha512-oLa9c5LHXgS6UimpEVp08De7QvZ+Dfu5bMQuWyMhf92Z26Q10ubEMOWy9OEfUdzW7Y/sDWVHmUaLFtmnX/2j0w==",
			"dev": true,
			"requires": {
				"@types/node": "*"
			}
		},
		"at-least-node": {
			"version": "1.0.0",
			"resolved": "https://registry.npmjs.org/at-least-node/-/at-least-node-1.0.0.tgz",
			"integrity": "sha512-+q/t7Ekv1EDY2l6Gda6LLiX14rU9TV20Wa3ofeQmwPFZbOMo9DXrLbOjFaaclkXKWidIaopwAObQDqwWtGUjqg=="
		},
		"balanced-match": {
			"version": "1.0.0",
			"resolved": "https://registry.npmjs.org/balanced-match/-/balanced-match-1.0.0.tgz",
			"integrity": "sha1-ibTRmasr7kneFk6gK4nORi1xt2c=",
			"dev": true
		},
		"brace-expansion": {
			"version": "1.1.11",
			"resolved": "https://registry.npmjs.org/brace-expansion/-/brace-expansion-1.1.11.tgz",
			"integrity": "sha512-iCuPHDFgrHX7H2vEI/5xpz07zSHB00TpugqhmYtVmMO6518mCuRMoOYFldEBl0g187ufozdaHgWKcYFb61qGiA==",
			"dev": true,
			"requires": {
				"balanced-match": "^1.0.0",
				"concat-map": "0.0.1"
			}
		},
		"braces": {
			"version": "3.0.2",
			"resolved": "https://registry.npmjs.org/braces/-/braces-3.0.2.tgz",
			"integrity": "sha512-b8um+L1RzM3WDSzvhm6gIz1yfTbBt6YTlcEKAvsmqCZZFw46z626lVj9j1yEPW33H5H+lBQpZMP1k8l+78Ha0A==",
			"requires": {
				"fill-range": "^7.0.1"
			}
		},
		"concat-map": {
			"version": "0.0.1",
			"resolved": "https://registry.npmjs.org/concat-map/-/concat-map-0.0.1.tgz",
			"integrity": "sha1-2Klr13/Wjfd5OnMDajug1UBdR3s=",
			"dev": true
		},
		"debug": {
			"version": "4.3.1",
			"resolved": "https://registry.npmjs.org/debug/-/debug-4.3.1.tgz",
			"integrity": "sha512-doEwdvm4PCeK4K3RQN2ZC2BYUBaxwLARCqZmMjtF8a51J2Rb0xpVloFRnCODwqjpwnAoao4pelN8l3RJdv3gRQ==",
			"requires": {
				"ms": "2.1.2"
			}
		},
		"fast-glob": {
			"version": "3.2.4",
			"resolved": "https://registry.npmjs.org/fast-glob/-/fast-glob-3.2.4.tgz",
			"integrity": "sha512-kr/Oo6PX51265qeuCYsyGypiO5uJFgBS0jksyG7FUeCyQzNwYnzrNIMR1NXfkZXsMYXYLRAHgISHBz8gQcxKHQ==",
			"requires": {
				"@nodelib/fs.stat": "^2.0.2",
				"@nodelib/fs.walk": "^1.2.3",
				"glob-parent": "^5.1.0",
				"merge2": "^1.3.0",
				"micromatch": "^4.0.2",
				"picomatch": "^2.2.1"
			}
		},
		"fastq": {
			"version": "1.9.0",
			"resolved": "https://registry.npmjs.org/fastq/-/fastq-1.9.0.tgz",
			"integrity": "sha512-i7FVWL8HhVY+CTkwFxkN2mk3h+787ixS5S63eb78diVRc1MCssarHq3W5cj0av7YDSwmaV928RNag+U1etRQ7w==",
			"requires": {
				"reusify": "^1.0.4"
			}
		},
		"fill-range": {
			"version": "7.0.1",
			"resolved": "https://registry.npmjs.org/fill-range/-/fill-range-7.0.1.tgz",
			"integrity": "sha512-qOo9F+dMUmC2Lcb4BbVvnKJxTPjCm+RRpe4gDuGrzkL7mEVl/djYSu2OdQ2Pa302N4oqkSg9ir6jaLWJ2USVpQ==",
			"requires": {
				"to-regex-range": "^5.0.1"
			}
		},
		"fs-extra": {
			"version": "9.0.1",
			"resolved": "https://registry.npmjs.org/fs-extra/-/fs-extra-9.0.1.tgz",
			"integrity": "sha512-h2iAoN838FqAFJY2/qVpzFXy+EBxfVE220PalAqQLDVsFOHLJrZvut5puAbCdNv6WJk+B8ihI+k0c7JK5erwqQ==",
			"requires": {
				"at-least-node": "^1.0.0",
				"graceful-fs": "^4.2.0",
				"jsonfile": "^6.0.1",
				"universalify": "^1.0.0"
			}
		},
		"fs.realpath": {
			"version": "1.0.0",
			"resolved": "https://registry.npmjs.org/fs.realpath/-/fs.realpath-1.0.0.tgz",
			"integrity": "sha1-FQStJSMVjKpA20onh8sBQRmU6k8=",
			"dev": true
		},
		"glob": {
			"version": "7.1.6",
			"resolved": "https://registry.npmjs.org/glob/-/glob-7.1.6.tgz",
			"integrity": "sha512-LwaxwyZ72Lk7vZINtNNrywX0ZuLyStrdDtabefZKAY5ZGJhVtgdznluResxNmPitE0SAO+O26sWTHeKSI2wMBA==",
			"dev": true,
			"requires": {
				"fs.realpath": "^1.0.0",
				"inflight": "^1.0.4",
				"inherits": "2",
				"minimatch": "^3.0.4",
				"once": "^1.3.0",
				"path-is-absolute": "^1.0.0"
			}
		},
		"glob-parent": {
			"version": "5.1.1",
			"resolved": "https://registry.npmjs.org/glob-parent/-/glob-parent-5.1.1.tgz",
			"integrity": "sha512-FnI+VGOpnlGHWZxthPGR+QhR78fuiK0sNLkHQv+bL9fQi57lNNdquIbna/WrfROrolq8GK5Ek6BiMwqL/voRYQ==",
			"requires": {
				"is-glob": "^4.0.1"
			}
		},
		"graceful-fs": {
			"version": "4.2.4",
			"resolved": "https://registry.npmjs.org/graceful-fs/-/graceful-fs-4.2.4.tgz",
			"integrity": "sha512-WjKPNJF79dtJAVniUlGGWHYGz2jWxT6VhN/4m1NdkbZ2nOsEF+cI1Edgql5zCRhs/VsQYRvrXctxktVXZUkixw=="
		},
		"inflight": {
			"version": "1.0.6",
			"resolved": "https://registry.npmjs.org/inflight/-/inflight-1.0.6.tgz",
			"integrity": "sha1-Sb1jMdfQLQwJvJEKEHW6gWW1bfk=",
			"dev": true,
			"requires": {
				"once": "^1.3.0",
				"wrappy": "1"
			}
		},
		"inherits": {
			"version": "2.0.4",
			"resolved": "https://registry.npmjs.org/inherits/-/inherits-2.0.4.tgz",
			"integrity": "sha512-k/vGaX4/Yla3WzyMCvTQOXYeIHvqOKtnqBduzTHpzpQZzAskKMhZ2K+EnBiSM9zGSoIFeMpXKxa4dYeZIQqewQ==",
			"dev": true
		},
		"is-extglob": {
			"version": "2.1.1",
			"resolved": "https://registry.npmjs.org/is-extglob/-/is-extglob-2.1.1.tgz",
			"integrity": "sha1-qIwCU1eR8C7TfHahueqXc8gz+MI="
		},
		"is-glob": {
			"version": "4.0.1",
			"resolved": "https://registry.npmjs.org/is-glob/-/is-glob-4.0.1.tgz",
			"integrity": "sha512-5G0tKtBTFImOqDnLB2hG6Bp2qcKEFduo4tZu9MT/H6NQv/ghhy30o55ufafxJ/LdH79LLs2Kfrn85TLKyA7BUg==",
			"requires": {
				"is-extglob": "^2.1.1"
			}
		},
		"is-number": {
			"version": "7.0.0",
			"resolved": "https://registry.npmjs.org/is-number/-/is-number-7.0.0.tgz",
			"integrity": "sha512-41Cifkg6e8TylSpdtTpeLVMqvSBEVzTttHvERD741+pnZ8ANv0004MRL43QKPDlK9cGvNp6NZWZUBlbGXYxxng=="
		},
		"jsonfile": {
			"version": "6.1.0",
			"resolved": "https://registry.npmjs.org/jsonfile/-/jsonfile-6.1.0.tgz",
			"integrity": "sha512-5dgndWOriYSm5cnYaJNhalLNDKOqFwyDB/rr1E9ZsGciGvKPs8R2xYGCacuf3z6K1YKDz182fd+fY3cn3pMqXQ==",
			"requires": {
				"graceful-fs": "^4.1.6",
				"universalify": "^2.0.0"
			},
			"dependencies": {
				"universalify": {
					"version": "2.0.0",
					"resolved": "https://registry.npmjs.org/universalify/-/universalify-2.0.0.tgz",
					"integrity": "sha512-hAZsKq7Yy11Zu1DE0OzWjw7nnLZmJZYTDZZyEFHZdUhV8FkH5MCfoU1XMaxXovpyW5nq5scPqq0ZDP9Zyl04oQ=="
				}
			}
		},
		"merge2": {
			"version": "1.4.1",
			"resolved": "https://registry.npmjs.org/merge2/-/merge2-1.4.1.tgz",
			"integrity": "sha512-8q7VEgMJW4J8tcfVPy8g09NcQwZdbwFEqhe/WZkoIzjn/3TGDwtOCYtXGxA3O8tPzpczCCDgv+P2P5y00ZJOOg=="
		},
		"micromatch": {
			"version": "4.0.2",
			"resolved": "https://registry.npmjs.org/micromatch/-/micromatch-4.0.2.tgz",
			"integrity": "sha512-y7FpHSbMUMoyPbYUSzO6PaZ6FyRnQOpHuKwbo1G+Knck95XVU4QAiKdGEnj5wwoS7PlOgthX/09u5iFJ+aYf5Q==",
			"requires": {
				"braces": "^3.0.1",
				"picomatch": "^2.0.5"
			}
		},
		"minimatch": {
			"version": "3.0.4",
			"resolved": "https://registry.npmjs.org/minimatch/-/minimatch-3.0.4.tgz",
			"integrity": "sha512-yJHVQEhyqPLUTgt9B83PXu6W3rx4MvvHvSUvToogpwoGDOUQ+yDrR0HRot+yOCdCO7u4hX3pWft6kWBBcqh0UA==",
			"dev": true,
			"requires": {
				"brace-expansion": "^1.1.7"
			}
		},
		"minimist": {
			"version": "1.2.5",
			"resolved": "https://registry.npmjs.org/minimist/-/minimist-1.2.5.tgz",
			"integrity": "sha512-FM9nNUYrRBAELZQT3xeZQ7fmMOBg6nWNmJKTcgsJeaLstP/UODVpGsr5OhXhhXg6f+qtJ8uiZ+PUxkDWcgIXLw==",
			"dev": true
		},
		"mkdirp": {
			"version": "0.5.5",
			"resolved": "https://registry.npmjs.org/mkdirp/-/mkdirp-0.5.5.tgz",
			"integrity": "sha512-NKmAlESf6jMGym1++R0Ra7wvhV+wFW63FaSOFPwRahvea0gMUcGUhVeAg/0BC0wiv9ih5NYPB1Wn1UEI1/L+xQ==",
			"dev": true,
			"requires": {
				"minimist": "^1.2.5"
			}
		},
		"ms": {
			"version": "2.1.2",
			"resolved": "https://registry.npmjs.org/ms/-/ms-2.1.2.tgz",
			"integrity": "sha512-sGkPx+VjMtmA6MX27oA4FBFELFCZZ4S4XqeGOXCv68tT+jb3vk/RyaKWP0PTKyWtmLSM0b+adUTEvbs1PEaH2w=="
		},
		"once": {
			"version": "1.4.0",
			"resolved": "https://registry.npmjs.org/once/-/once-1.4.0.tgz",
			"integrity": "sha1-WDsap3WWHUsROsF9nFC6753Xa9E=",
			"dev": true,
			"requires": {
				"wrappy": "1"
			}
		},
		"path-is-absolute": {
			"version": "1.0.1",
			"resolved": "https://registry.npmjs.org/path-is-absolute/-/path-is-absolute-1.0.1.tgz",
			"integrity": "sha1-F0uSaHNVNP+8es5r9TpanhtcX18=",
			"dev": true
		},
		"picomatch": {
			"version": "2.2.2",
			"resolved": "https://registry.npmjs.org/picomatch/-/picomatch-2.2.2.tgz",
			"integrity": "sha512-q0M/9eZHzmr0AulXyPwNfZjtwZ/RBZlbN3K3CErVrk50T2ASYI7Bye0EvekFY3IP1Nt2DHu0re+V2ZHIpMkuWg=="
		},
		"reusify": {
			"version": "1.0.4",
			"resolved": "https://registry.npmjs.org/reusify/-/reusify-1.0.4.tgz",
			"integrity": "sha512-U9nH88a3fc/ekCF1l0/UP1IosiuIjyTh7hBvXVMHYgVcfGvt897Xguj2UOLDeI5BG2m7/uwyaLVT6fbtCwTyzw=="
		},
		"rimraf": {
			"version": "2.6.3",
			"resolved": "https://registry.npmjs.org/rimraf/-/rimraf-2.6.3.tgz",
			"integrity": "sha512-mwqeW5XsA2qAejG46gYdENaxXjx9onRNCfn7L0duuP4hCuTIi/QO7PDK07KJfp1d+izWPrzEJDcSqBa0OZQriA==",
			"dev": true,
			"requires": {
				"glob": "^7.1.3"
			}
		},
		"run-parallel": {
			"version": "1.1.10",
			"resolved": "https://registry.npmjs.org/run-parallel/-/run-parallel-1.1.10.tgz",
			"integrity": "sha512-zb/1OuZ6flOlH6tQyMPUrE3x3Ulxjlo9WIVXR4yVYi4H9UXQaeIsPbLn2R3O3vQCnDKkAl2qHiuocKKX4Tz/Sw=="
		},
		"simple-git": {
			"version": "2.27.0",
			"resolved": "https://registry.npmjs.org/simple-git/-/simple-git-2.27.0.tgz",
			"integrity": "sha512-/Q4aolzErYrIx6SgyH421jmtv5l1DaAw+KYWMWy229+isW6yld/nHGxJ2xUR/aeX3SuYJnbucyUigERwaw4Xow==",
			"requires": {
				"@kwsites/file-exists": "^1.1.1",
				"@kwsites/promise-deferred": "^1.1.1",
				"debug": "^4.3.1"
			}
		},
		"temp": {
			"version": "0.9.4",
			"resolved": "https://registry.npmjs.org/temp/-/temp-0.9.4.tgz",
			"integrity": "sha512-yYrrsWnrXMcdsnu/7YMYAofM1ktpL5By7vZhf15CrXijWWrEYZks5AXBudalfSWJLlnen/QUJUB5aoB0kqZUGA==",
			"dev": true,
			"requires": {
				"mkdirp": "^0.5.1",
				"rimraf": "~2.6.2"
			}
		},
		"to-regex-range": {
			"version": "5.0.1",
			"resolved": "https://registry.npmjs.org/to-regex-range/-/to-regex-range-5.0.1.tgz",
			"integrity": "sha512-65P7iz6X5yEr1cwcgvQxbbIw7Uk3gOy5dIdtZ4rDveLqhrdJP+Li/Hx6tyK0NEb+2GCyneCMJiGqrADCSNk8sQ==",
			"requires": {
				"is-number": "^7.0.0"
			}
		},
		"typescript-optional": {
			"version": "2.0.1",
			"resolved": "https://registry.npmjs.org/typescript-optional/-/typescript-optional-2.0.1.tgz",
			"integrity": "sha512-xuwmqsCjE4OeeMKxbNX3jjNcISGzYh5Q9R1rM5OyxEVNIr94CB5llCkfKW+1nZTKbbUV0axN3QAUuX2fus/DhQ=="
		},
		"universalify": {
			"version": "1.0.0",
			"resolved": "https://registry.npmjs.org/universalify/-/universalify-1.0.0.tgz",
			"integrity": "sha512-rb6X1W158d7pRQBg5gkR8uPaSfiids68LTJQYOtEUhoJUWBdaQHsuT/EUduxXYxcrt4r5PJ4fuHW1MHT6p0qug=="
		},
		"uuid": {
			"version": "8.3.2",
			"resolved": "https://registry.npmjs.org/uuid/-/uuid-8.3.2.tgz",
			"integrity": "sha512-+NYs2QeMWy+GWFOEm9xnn6HCDp0l7QBD7ml8zLUmJ+93Q5NF0NocErnwkTkXVFNiX3/fpC6afS8Dhb/gz7R7eg=="
		},
		"wrappy": {
			"version": "1.0.2",
			"resolved": "https://registry.npmjs.org/wrappy/-/wrappy-1.0.2.tgz",
			"integrity": "sha1-tSQ9jz7BqjXxNkYFvA0QNuMKtp8=",
			"dev": true
		}
	}
}
